{
  "nodes": {
    "NUR": {
      "flake": false,
      "locked": {
        "lastModified": 1645120289,
        "narHash": "sha256-7grXuB/rlrkjc0sNFGv7QNd2OaX7Gv1kjIcSdqF4LLs=",
        "owner": "nix-community",
        "repo": "NUR",
        "rev": "a07fe8f0351dd67bf1189ecd582d558b99c2e80b",
        "type": "github"
      },
      "original": {
        "owner": "nix-community",
        "repo": "NUR",
        "type": "github"
      }
    },
    "cachix": {
      "locked": {
        "lastModified": 1642244250,
        "narHash": "sha256-vWpUEqQdVP4srj+/YLJRTN9vjpTs4je0cdWKXPbDItc=",
        "owner": "nixos",
        "repo": "nixpkgs",
        "rev": "0fd9ee1aa36ce865ad273f4f07fdc093adeb5c00",
        "type": "github"
      },
      "original": {
        "owner": "nixos",
        "ref": "nixos-21.05",
        "repo": "nixpkgs",
        "type": "github"
      }
    },
    "deploy-rs": {
      "inputs": {
        "flake-compat": "flake-compat",
        "nixpkgs": "nixpkgs",
        "utils": "utils"
      },
      "locked": {
        "lastModified": 1643787431,
        "narHash": "sha256-8IwuVgXulRE3ZWq6z8mytarawC32pKPKR20EyDtSH+w=",
        "owner": "serokell",
        "repo": "deploy-rs",
        "rev": "4154ba1aaaf7333a916384c348d867d03b6f1409",
        "type": "github"
      },
      "original": {
        "owner": "serokell",
        "repo": "deploy-rs",
        "type": "github"
      }
    },
    "dotpryrc": {
      "flake": false,
      "locked": {
        "lastModified": 1429714272,
        "narHash": "sha256-ImFIXK5sc6NTd/EzZl3VQ7MbRWtQetYc1lZEwGSlw2g=",
        "owner": "vyorkin",
        "repo": "dotpryrc",
        "rev": "76eaace4b94c935096ad4fa5476297507d67e4cf",
        "type": "github"
      },
      "original": {
        "owner": "vyorkin",
        "repo": "dotpryrc",
        "type": "github"
      }
    },
    "emacs": {
      "locked": {
        "lastModified": 1645093147,
        "narHash": "sha256-UnICrypD3PcFuxVjlo5ElgWZgFh5Fh4PS96xhB7a/gY=",
        "owner": "nix-community",
        "repo": "emacs-overlay",
        "rev": "3204060454868491463e951a7c29947bbe09bc2f",
        "type": "github"
      },
      "original": {
        "owner": "nix-community",
        "repo": "emacs-overlay",
        "type": "github"
      }
    },
    "emacs-config": {
      "flake": false,
      "locked": {
        "lastModified": 1638235071,
        "narHash": "sha256-L5ajIuHbUF0+WGarZtyd6fMGzZz6TFnmgmAcr2US9ak=",
        "owner": "vyorkin",
        "repo": "emacs.d",
        "rev": "10fd22a5dd25ae72c60ee7e5f28b6d57112c21bc",
        "type": "github"
      },
      "original": {
        "owner": "vyorkin",
        "repo": "emacs.d",
        "type": "github"
      }
    },
    "flake-compat": {
      "flake": false,
      "locked": {
        "lastModified": 1641205782,
        "narHash": "sha256-4jY7RCWUoZ9cKD8co0/4tFARpWB+57+r1bLLvXNJliY=",
        "owner": "edolstra",
        "repo": "flake-compat",
        "rev": "b7547d3eed6f32d06102ead8991ec52ab0a4f1a7",
        "type": "github"
      },
      "original": {
        "owner": "edolstra",
        "repo": "flake-compat",
        "type": "github"
      }
    },
    "flake-compat_2": {
      "flake": false,
      "locked": {
        "lastModified": 1627913399,
        "narHash": "sha256-hY8g6H2KFL8ownSiFeMOjwPC8P0ueXpCVEbxgda3pko=",
        "owner": "edolstra",
        "repo": "flake-compat",
        "rev": "12c64ca55c1014cdc1b16ed5a804aa8576601ff2",
        "type": "github"
      },
      "original": {
        "owner": "edolstra",
        "repo": "flake-compat",
        "type": "github"
      }
    },
    "flake-utils": {
      "locked": {
        "lastModified": 1637014545,
        "narHash": "sha256-26IZAc5yzlD9FlDT54io1oqG/bBoyka+FJk5guaX4x4=",
        "owner": "numtide",
        "repo": "flake-utils",
        "rev": "bba5dcc8e0b20ab664967ad83d24d64cb64ec4f4",
        "type": "github"
      },
      "original": {
        "owner": "numtide",
        "repo": "flake-utils",
        "type": "github"
      }
    },
    "flake-utils_2": {
      "locked": {
        "lastModified": 1620759905,
        "narHash": "sha256-WiyWawrgmyN0EdmiHyG2V+fqReiVi8bM9cRdMaKQOFg=",
        "owner": "numtide",
        "repo": "flake-utils",
        "rev": "b543720b25df6ffdfcf9227afafc5b8c1fabfae8",
        "type": "github"
      },
      "original": {
        "owner": "numtide",
        "repo": "flake-utils",
        "type": "github"
      }
    },
    "ghacks": {
      "flake": false,
      "locked": {
        "lastModified": 1644770293,
        "narHash": "sha256-Df2D2eBifkZpFklPBbE94AvgAUM/NUAAiuqUzp67Hdo=",
        "owner": "ghacksuserjs",
        "repo": "ghacks-user.js",
        "rev": "ba052105de3c4be2e34cf103f08b2f28c6d5b496",
        "type": "github"
      },
      "original": {
        "owner": "ghacksuserjs",
        "repo": "ghacks-user.js",
        "type": "github"
      }
    },
    "git-config": {
      "flake": false,
      "locked": {
        "lastModified": 1625396314,
        "narHash": "sha256-xHmZItvbgUkosVBHiMDSBoQlJdXnAkvH7vdf5tqMODA=",
        "ref": "master",
        "rev": "170b1c6f93b826cc543a44ff2c4eb0c1abec583e",
        "revCount": 5,
        "type": "git",
        "url": "ssh://git@github.com/vyorkin/gitconfig.git"
      },
      "original": {
        "type": "git",
        "url": "ssh://git@github.com/vyorkin/gitconfig.git"
      }
    },
    "himalaya": {
      "inputs": {
        "flake-compat": "flake-compat_2",
        "naersk": "naersk",
        "nixpkgs": "nixpkgs_3",
        "rust-overlay": "rust-overlay",
        "utils": "utils_2"
      },
      "locked": {
        "lastModified": 1644328209,
        "narHash": "sha256-BZTecYNY8gbGe+r80QWi7FkC56dww9rrtwLfi9ya1mQ=",
        "owner": "soywod",
        "repo": "himalaya",
        "rev": "585fa77af5058f6fef924eeb52680df03d6a41fc",
        "type": "github"
      },
      "original": {
        "owner": "soywod",
        "repo": "himalaya",
        "type": "github"
      }
    },
    "home-manager": {
      "inputs": {
        "nixpkgs": "nixpkgs_5"
      },
      "locked": {
        "lastModified": 1645119665,
        "narHash": "sha256-NqB6H1HFbPHZQtxk8b5OA0ki7Nj9jXS8gGu6T5zUgpI=",
        "owner": "rycee",
        "repo": "home-manager",
        "rev": "498c188e62a879c128aa4210f3e1031a6afe4916",
        "type": "github"
      },
      "original": {
        "owner": "rycee",
        "repo": "home-manager",
        "type": "github"
      }
    },
    "i3blocks-contrib": {
      "flake": false,
      "locked": {
        "lastModified": 1642463857,
        "narHash": "sha256-i9xSYo7BkYfzDqgwOEOtYtCYblJI5ldc1oBgX9EVQqA=",
        "owner": "vivien",
        "repo": "i3blocks-contrib",
        "rev": "07dbf036882c513b58e7d18d48eb6f08493f5717",
        "type": "github"
      },
      "original": {
        "owner": "vivien",
        "repo": "i3blocks-contrib",
        "type": "github"
      }
    },
    "impermanence": {
      "locked": {
        "lastModified": 1644791231,
        "narHash": "sha256-iDihsF1fUMK4xXiUudPnDM3veH1LXbbxfP9Lzekw9iU=",
        "owner": "nix-community",
        "repo": "impermanence",
        "rev": "635bcd2d88739197a0b584aa9fadaa53c717a853",
        "type": "github"
      },
      "original": {
        "owner": "nix-community",
        "repo": "impermanence",
        "type": "github"
      }
    },
    "kitty-themes": {
      "flake": false,
      "locked": {
        "lastModified": 1642593129,
        "narHash": "sha256-RcDmZ1fbNX18+X3xCqqdRbD+XYPsgNte1IXUNt6CxIA=",
        "owner": "dexpota",
        "repo": "kitty-themes",
        "rev": "b1abdd54ba655ef34f75a568d78625981bf1722c",
        "type": "github"
      },
      "original": {
        "owner": "dexpota",
        "repo": "kitty-themes",
        "type": "github"
      }
    },
    "lowdown-src": {
      "flake": false,
      "locked": {
        "lastModified": 1633514407,
        "narHash": "sha256-Dw32tiMjdK9t3ETl5fzGrutQTzh2rufgZV4A/BbxuD4=",
        "owner": "kristapsdz",
        "repo": "lowdown",
        "rev": "d2c2b44ff6c27b936ec27358a2653caaef8f73b8",
        "type": "github"
      },
      "original": {
        "owner": "kristapsdz",
        "repo": "lowdown",
        "type": "github"
      }
    },
    "materia-theme": {
      "flake": false,
      "locked": {
        "lastModified": 1638461758,
        "narHash": "sha256-+E8eJQcDw4F12MmGrCoFUeGFZzYZWQtY7PVhXVAZRFY=",
        "owner": "nana-4",
        "repo": "materia-theme",
        "rev": "af63425f9bbb2ac9bc4853a4357457d743c65308",
        "type": "github"
      },
      "original": {
        "owner": "nana-4",
        "repo": "materia-theme",
        "type": "github"
      }
    },
    "mtxclient": {
      "flake": false,
      "locked": {
        "lastModified": 1644693237,
        "narHash": "sha256-yEXa8nisb7BBT7ENRUNIvHxucnHQA9rEQg81W5Xdar8=",
        "owner": "nheko-reborn",
        "repo": "mtxclient",
        "rev": "d695390175459c99ba75f7a3f618189ec5c18a70",
        "type": "github"
      },
      "original": {
        "owner": "nheko-reborn",
        "repo": "mtxclient",
        "type": "github"
      }
    },
    "naersk": {
      "inputs": {
        "nixpkgs": "nixpkgs_2"
      },
      "locked": {
        "lastModified": 1639947939,
        "narHash": "sha256-pGsM8haJadVP80GFq4xhnSpNitYNQpaXk4cnA796Cso=",
        "owner": "nix-community",
        "repo": "naersk",
        "rev": "2fc8ce9d3c025d59fee349c1f80be9785049d653",
        "type": "github"
      },
      "original": {
        "owner": "nix-community",
        "repo": "naersk",
        "type": "github"
      }
    },
    "nheko": {
      "flake": false,
      "locked": {
        "lastModified": 1645108345,
        "narHash": "sha256-od44Yq06J2LsOiRpe5GQF98icbjrV9+bE0Fhv959SeY=",
        "owner": "nheko-reborn",
        "repo": "nheko",
        "rev": "0629ea5932d0af30fb86888d897cb63bb4f235af",
        "type": "github"
      },
      "original": {
        "owner": "nheko-reborn",
        "repo": "nheko",
        "type": "github"
      }
    },
    "nix": {
      "inputs": {
        "lowdown-src": "lowdown-src",
        "nixpkgs": "nixpkgs_6",
        "nixpkgs-regression": "nixpkgs-regression"
      },
      "locked": {
        "lastModified": 1645099220,
        "narHash": "sha256-yivwIQA2KFMhkLChqDZQQ9ndYcVd94ki31KrHCghX0E=",
        "owner": "NixOS",
        "repo": "nix",
        "rev": "b24d541c34b6c85761c63c19ae847816aecd364b",
        "type": "github"
      },
      "original": {
        "id": "nix",
        "type": "indirect"
      }
    },
    "nix-direnv": {
      "inputs": {
        "flake-utils": "flake-utils_2",
        "nixpkgs": "nixpkgs_7"
      },
      "locked": {
        "lastModified": 1644265381,
        "narHash": "sha256-lXbDE9QrsRci2qjfb2niAsS0S2B1g9YaTJXE64Y+6Pc=",
        "owner": "nix-community",
        "repo": "nix-direnv",
        "rev": "60a6964eaeab12b3af8d43acc8e783992b917fc2",
        "type": "github"
      },
      "original": {
        "owner": "nix-community",
        "repo": "nix-direnv",
        "type": "github"
      }
    },
    "nix-zsh-completions": {
      "flake": false,
      "locked": {
        "lastModified": 1614026477,
        "narHash": "sha256-TWgo56l+FBXssOYWlAfJ5j4pOHNmontOEolcGdihIJs=",
        "owner": "spwhitt",
        "repo": "nix-zsh-completions",
        "rev": "468d8cf752a62b877eba1a196fbbebb4ce4ebb6f",
        "type": "github"
      },
      "original": {
        "owner": "spwhitt",
        "repo": "nix-zsh-completions",
        "type": "github"
      }
    },
    "nixos-artwork": {
      "flake": false,
      "locked": {
        "lastModified": 1644354217,
        "narHash": "sha256-zsTfpmGjo4mDRc9/1fKeUtpv+HM+7m+gQc4zNUVfE/w=",
        "owner": "nixos",
        "repo": "artwork",
        "rev": "d1e682539bba03f75d4350b609430703cf3cdacb",
        "type": "github"
      },
      "original": {
        "owner": "nixos",
        "repo": "artwork",
        "type": "github"
      }
    },
    "nixos-fhs-compat": {
      "locked": {
        "lastModified": 1638624912,
        "narHash": "sha256-+luMnWfRmPLgIh63AONik/9pvwxUjjK8PaMVqfJEUzE=",
        "owner": "balsoft",
        "repo": "nixos-fhs-compat",
        "rev": "0cf9397b825686b3cfa34a0d0bdcdeabcbb8ea03",
        "type": "github"
      },
      "original": {
        "owner": "balsoft",
        "repo": "nixos-fhs-compat",
        "type": "github"
      }
    },
    "nixos-hardware": {
      "flake": false,
      "locked": {
        "lastModified": 1644870092,
        "narHash": "sha256-RLPD92lqXW98LDIbbwYqwAbt3R4iD1V1PiylfgBq5cU=",
        "owner": "NixOS",
        "repo": "nixos-hardware",
        "rev": "10eab1c4cd8e715c0b41d32c28af2b89fc67bed0",
        "type": "github"
      },
      "original": {
        "owner": "NixOS",
        "repo": "nixos-hardware",
        "type": "github"
      }
    },
    "nixpkgs": {
      "locked": {
        "lastModified": 1643472818,
        "narHash": "sha256-qzVPxKDUubYIxKRSuDl/JgzXWSmGvUVYny9SxFMfPJM=",
        "owner": "NixOS",
        "repo": "nixpkgs",
        "rev": "7f65e4abd5ecaad12d2d26e4380d1a7d8edafea7",
        "type": "github"
      },
      "original": {
        "owner": "NixOS",
        "ref": "nixpkgs-unstable",
        "repo": "nixpkgs",
        "type": "github"
      }
    },
    "nixpkgs-21-11": {
      "flake": false,
      "locked": {
        "lastModified": 1645010845,
        "narHash": "sha256-hO9X4PvxkSLMQnGGB7tOrKPwufhLMiNQMNXNwzLqneo=",
        "owner": "nixos",
        "repo": "nixpkgs",
        "rev": "2128d0aa28edef51fd8fef38b132ffc0155595df",
        "type": "github"
      },
      "original": {
        "owner": "nixos",
        "ref": "nixos-21.11",
        "repo": "nixpkgs",
        "type": "github"
      }
    },
    "nixpkgs-regression": {
      "locked": {
        "lastModified": 1643052045,
        "narHash": "sha256-uGJ0VXIhWKGXxkeNnq4TvV3CIOkUJ3PAoLZ3HMzNVMw=",
        "owner": "NixOS",
        "repo": "nixpkgs",
        "rev": "215d4d0fd80ca5163643b03a33fde804a29cc1e2",
        "type": "github"
      },
      "original": {
        "id": "nixpkgs",
        "rev": "215d4d0fd80ca5163643b03a33fde804a29cc1e2",
        "type": "indirect"
      }
    },
    "nixpkgs-wayland": {
      "inputs": {
        "cachix": "cachix",
        "nixpkgs": "nixpkgs_9"
      },
      "locked": {
        "lastModified": 1643841979,
        "narHash": "sha256-/TNrk/59NpBADaHzFVraQQlHLfIgAPCgoR3F3vIw0EA=",
        "owner": "colemickens",
        "repo": "nixpkgs-wayland",
        "rev": "da0699ec283382fcc018072bafd573b4d7257d0e",
        "type": "github"
      },
      "original": {
        "owner": "colemickens",
        "repo": "nixpkgs-wayland",
        "type": "github"
      }
    },
    "nixpkgs_2": {
      "locked": {
        "lastModified": 1640418986,
        "narHash": "sha256-a8GGtxn2iL3WAkY5H+4E0s3Q7XJt6bTOvos9qqxT5OQ=",
        "owner": "NixOS",
        "repo": "nixpkgs",
        "rev": "5c37ad87222cfc1ec36d6cd1364514a9efc2f7f2",
        "type": "github"
      },
      "original": {
        "id": "nixpkgs",
        "type": "indirect"
      }
    },
    "nixpkgs_3": {
      "locked": {
        "lastModified": 1640418986,
        "narHash": "sha256-a8GGtxn2iL3WAkY5H+4E0s3Q7XJt6bTOvos9qqxT5OQ=",
        "owner": "NixOS",
        "repo": "nixpkgs",
        "rev": "5c37ad87222cfc1ec36d6cd1364514a9efc2f7f2",
        "type": "github"
      },
      "original": {
        "id": "nixpkgs",
        "type": "indirect"
      }
    },
    "nixpkgs_4": {
      "locked": {
        "lastModified": 1637453606,
        "narHash": "sha256-Gy6cwUswft9xqsjWxFYEnx/63/qzaFUwatcbV5GF/GQ=",
        "owner": "NixOS",
        "repo": "nixpkgs",
        "rev": "8afc4e543663ca0a6a4f496262cd05233737e732",
        "type": "github"
      },
      "original": {
        "owner": "NixOS",
        "ref": "nixpkgs-unstable",
        "repo": "nixpkgs",
        "type": "github"
      }
    },
    "nixpkgs_5": {
      "locked": {
        "lastModified": 1644972330,
        "narHash": "sha256-6V2JFpTUzB9G+KcqtUR1yl7f6rd9495YrFECslEmbGw=",
        "owner": "NixOS",
        "repo": "nixpkgs",
        "rev": "19574af0af3ffaf7c9e359744ed32556f34536bd",
        "type": "github"
      },
      "original": {
        "id": "nixpkgs",
        "type": "indirect"
      }
    },
    "nixpkgs_6": {
      "locked": {
        "lastModified": 1632864508,
        "narHash": "sha256-d127FIvGR41XbVRDPVvozUPQ/uRHbHwvfyKHwEt5xFM=",
        "owner": "NixOS",
        "repo": "nixpkgs",
        "rev": "82891b5e2c2359d7e58d08849e4c89511ab94234",
        "type": "github"
      },
      "original": {
        "id": "nixpkgs",
        "ref": "nixos-21.05-small",
        "type": "indirect"
      }
    },
    "nixpkgs_7": {
      "locked": {
        "lastModified": 1622059058,
        "narHash": "sha256-t1/ZMtyxClVSfcV4Pt5C1YpkeJ/UwFF3oitLD7Ch/UA=",
        "owner": "NixOS",
        "repo": "nixpkgs",
        "rev": "84aa23742f6c72501f9cc209f29c438766f5352d",
        "type": "github"
      },
      "original": {
        "owner": "NixOS",
        "ref": "nixpkgs-unstable",
        "repo": "nixpkgs",
        "type": "github"
      }
    },
    "nixpkgs_8": {
      "locked": {
        "lastModified": 1644525281,
        "narHash": "sha256-D3VuWLdnLmAXIkooWAtbTGSQI9Fc1lkvAr94wTxhnTU=",
        "owner": "nixos",
        "repo": "nixpkgs",
        "rev": "48d63e924a2666baf37f4f14a18f19347fbd54a2",
        "type": "github"
      },
      "original": {
        "owner": "nixos",
        "ref": "nixos-unstable",
        "repo": "nixpkgs",
        "type": "github"
      }
    },
    "nixpkgs_9": {
      "locked": {
        "lastModified": 1643524588,
        "narHash": "sha256-Qh5AazxdOQRORbGkkvpKoovDl6ej/4PhDabFsqnueqw=",
        "owner": "nixos",
        "repo": "nixpkgs",
        "rev": "efeefb2af1469a5d1f0ae7ca8f0dfd9bb87d5cfb",
        "type": "github"
      },
      "original": {
        "owner": "nixos",
        "ref": "nixos-unstable",
        "repo": "nixpkgs",
        "type": "github"
      }
    },
    "root": {
      "inputs": {
        "NUR": "NUR",
        "deploy-rs": "deploy-rs",
        "dotpryrc": "dotpryrc",
        "emacs": "emacs",
        "emacs-config": "emacs-config",
        "ghacks": "ghacks",
        "git-config": "git-config",
        "himalaya": "himalaya",
        "home-manager": "home-manager",
        "i3blocks-contrib": "i3blocks-contrib",
        "impermanence": "impermanence",
        "kitty-themes": "kitty-themes",
        "materia-theme": "materia-theme",
        "mtxclient": "mtxclient",
        "nheko": "nheko",
        "nix": "nix",
        "nix-direnv": "nix-direnv",
        "nix-zsh-completions": "nix-zsh-completions",
        "nixos-artwork": "nixos-artwork",
        "nixos-fhs-compat": "nixos-fhs-compat",
        "nixos-hardware": "nixos-hardware",
        "nixpkgs": "nixpkgs_8",
        "nixpkgs-21-11": "nixpkgs-21-11",
        "nixpkgs-wayland": "nixpkgs-wayland",
        "rycee": "rycee",
        "secrets": "secrets",
        "tmux-config": "tmux-config",
        "tpm": "tpm",
        "vim-config": "vim-config",
        "weechat-notify-send": "weechat-notify-send",
        "weechat-scripts": "weechat-scripts",
        "zsh-config": "zsh-config"
      }
    },
    "rust-overlay": {
      "inputs": {
        "flake-utils": "flake-utils",
        "nixpkgs": "nixpkgs_4"
      },
      "locked": {
        "lastModified": 1642838864,
        "narHash": "sha256-pHnhm3HWwtvtOK7NdNHwERih3PgNlacrfeDwachIG8E=",
        "owner": "oxalica",
        "repo": "rust-overlay",
        "rev": "9fb49daf1bbe1d91e6c837706c481f9ebb3d8097",
        "type": "github"
      },
      "original": {
        "owner": "oxalica",
        "repo": "rust-overlay",
        "type": "github"
      }
    },
    "rycee": {
      "flake": false,
      "locked": {
        "lastModified": 1645119944,
        "narHash": "sha256-RaHH1c3UozE6Ijcy6oxm53dBTuUVmSztLV1MNkeepFo=",
        "owner": "rycee",
        "repo": "nur-expressions",
        "rev": "11e6969ae7afec7564727d5f889b4008fb7e73ed",
        "type": "gitlab"
      },
      "original": {
        "owner": "rycee",
        "repo": "nur-expressions",
        "type": "gitlab"
      }
    },
    "secrets": {
      "flake": false,
      "locked": {
        "lastModified": 1635957742,
        "narHash": "sha256-lrjWn4ODOLtpcsxixRGSrG+ht2Nu0QH+nUlj8484lCw=",
        "ref": "master",
        "rev": "cebf0685d56108b40b23635dae1b6768999c86c1",
        "revCount": 45,
        "type": "git",
        "url": "ssh://git@github.com/vyorkin/dotsecrets.git"
      },
      "original": {
        "type": "git",
        "url": "ssh://git@github.com/vyorkin/dotsecrets.git"
      }
    },
    "tmux-config": {
      "flake": false,
      "locked": {
        "lastModified": 1623969654,
        "narHash": "sha256-jxJQ1Nj55RFTQKyadyTgsYc4NHp9oMB8ZieynPy3ZAA=",
        "owner": "vyorkin",
        "repo": "tmux.conf",
        "rev": "b1be41c9b93ff1d1ed94dd3f282d18ee232bc027",
        "type": "github"
      },
      "original": {
        "owner": "vyorkin",
        "repo": "tmux.conf",
        "type": "github"
      }
    },
    "tpm": {
      "flake": false,
      "locked": {
        "lastModified": 1641035158,
        "narHash": "sha256-aGRy5ah1Dxb+94QoIkOy0nKlmAOFq2y5xnf2B852JY0=",
        "owner": "tmux-plugins",
        "repo": "tpm",
        "rev": "b699a7e01c253ffb7818b02d62bce24190ec1019",
        "type": "github"
      },
      "original": {
        "owner": "tmux-plugins",
        "repo": "tpm",
        "type": "github"
      }
    },
    "utils": {
      "locked": {
        "lastModified": 1642700792,
        "narHash": "sha256-XqHrk7hFb+zBvRg6Ghl+AZDq03ov6OshJLiSWOoX5es=",
        "owner": "numtide",
        "repo": "flake-utils",
        "rev": "846b2ae0fc4cc943637d3d1def4454213e203cba",
        "type": "github"
      },
      "original": {
        "owner": "numtide",
        "repo": "flake-utils",
        "type": "github"
      }
    },
    "utils_2": {
      "locked": {
        "lastModified": 1623875721,
        "narHash": "sha256-A8BU7bjS5GirpAUv4QA+QnJ4CceLHkcXdRp4xITDB0s=",
        "owner": "numtide",
        "repo": "flake-utils",
        "rev": "f7e004a55b120c02ecb6219596820fcd32ca8772",
        "type": "github"
      },
      "original": {
        "owner": "numtide",
        "repo": "flake-utils",
        "type": "github"
      }
    },
    "vim-config": {
      "flake": false,
      "locked": {
        "lastModified": 1645222091,
        "narHash": "sha256-uR/u/ygaDH5Ywv7jEo3+qQs25TFey6S4WbCBY9/UN8w=",
        "owner": "vyorkin",
        "repo": "vimrc",
        "rev": "a16a07f7d6fbb8f64d95d0282fc1f306600af1da",
        "type": "github"
      },
      "original": {
        "owner": "vyorkin",
        "repo": "vimrc",
        "type": "github"
      }
    },
    "weechat-notify-send": {
      "flake": false,
      "locked": {
        "lastModified": 1635517959,
        "narHash": "sha256-LXyt5374QL9QnCXBG2zARvkeh2ghx0IqAWtdloeoAuI=",
        "owner": "s3rvac",
        "repo": "weechat-notify-send",
        "rev": "d99632574a11098c05bc2b6075e149aaea77be0d",
        "type": "github"
      },
      "original": {
        "owner": "s3rvac",
        "repo": "weechat-notify-send",
        "type": "github"
      }
    },
    "weechat-scripts": {
      "flake": false,
      "locked": {
        "lastModified": 1644435115,
        "narHash": "sha256-H4aB/62xtO5+yAhdxmSXpsLaDx1ircipqpvifNVthc0=",
        "owner": "weechat",
        "repo": "scripts",
        "rev": "5e0b5043f2bc1ca0a5e8f6c9cb30ff4e67a1062d",
        "type": "github"
      },
      "original": {
        "owner": "weechat",
        "repo": "scripts",
        "type": "github"
      }
    },
    "zsh-config": {
      "flake": false,
      "locked": {
        "lastModified": 1645139815,
        "narHash": "sha256-1QJgLm2anM0FIdlMzNTIS9uyGFlcEn2yv5VbNm0xiU8=",
        "owner": "vyorkin",
        "repo": "zshrc",
        "rev": "920455269fe3d875c21afc5bf2dfe64fd7e13b1c",
        "type": "github"
      },
      "original": {
        "owner": "vyorkin",
        "repo": "zshrc",
        "type": "github"
      }
    }
  },
  "root": "root",
  "version": 7
}
