{
  "nodes": {
    "NUR": {
      "flake": false,
      "locked": {
        "lastModified": 1646737256,
        "narHash": "sha256-Ao52R2tmS3EfkEubiHdV5RGdGYpkOONBElydMquQMgI=",
        "owner": "nix-community",
        "repo": "NUR",
        "rev": "08f76a68954f0e906fa4f927b1cf58c19f7b38c8",
        "type": "github"
      },
      "original": {
        "owner": "nix-community",
        "repo": "NUR",
        "type": "github"
      }
    },
    "cachix": {
      "locked": {
        "lastModified": 1645296114,
        "narHash": "sha256-y53N7TyIkXsjMpOG7RhvqJFGDacLs9HlyHeSTBioqYU=",
        "owner": "nixos",
        "repo": "nixpkgs",
        "rev": "530a53dcbc9437363471167a5e4762c5fcfa34a1",
        "type": "github"
      },
      "original": {
        "owner": "nixos",
        "ref": "nixos-21.05",
        "repo": "nixpkgs",
        "type": "github"
      }
    },
    "deploy-rs": {
      "inputs": {
        "flake-compat": "flake-compat",
        "nixpkgs": "nixpkgs",
        "utils": "utils"
      },
      "locked": {
        "lastModified": 1643787431,
        "narHash": "sha256-8IwuVgXulRE3ZWq6z8mytarawC32pKPKR20EyDtSH+w=",
        "owner": "serokell",
        "repo": "deploy-rs",
        "rev": "4154ba1aaaf7333a916384c348d867d03b6f1409",
        "type": "github"
      },
      "original": {
        "owner": "serokell",
        "repo": "deploy-rs",
        "type": "github"
      }
    },
    "dotpryrc": {
      "flake": false,
      "locked": {
        "lastModified": 1429714272,
        "narHash": "sha256-ImFIXK5sc6NTd/EzZl3VQ7MbRWtQetYc1lZEwGSlw2g=",
        "owner": "vyorkin",
        "repo": "dotpryrc",
        "rev": "76eaace4b94c935096ad4fa5476297507d67e4cf",
        "type": "github"
      },
      "original": {
        "owner": "vyorkin",
        "repo": "dotpryrc",
        "type": "github"
      }
    },
    "emacs": {
      "locked": {
        "lastModified": 1646731473,
        "narHash": "sha256-FHZTySgUkI4lseaiJfeht/sX4FHQHeysxTrhyQlmmf0=",
        "owner": "nix-community",
        "repo": "emacs-overlay",
        "rev": "3dde0cf09244b994609c9eae5e43eb287cfa4616",
        "type": "github"
      },
      "original": {
        "owner": "nix-community",
        "repo": "emacs-overlay",
        "type": "github"
      }
    },
    "emacs-config": {
      "flake": false,
      "locked": {
        "lastModified": 1645363314,
        "narHash": "sha256-G1uGJI3XqqcRYhv6p3KBThZB+VayRMPa9m1jFNXzxto=",
        "owner": "vyorkin",
        "repo": "emacs.d",
        "rev": "77074ef64d1f4baf74c3349f89f935d98a538858",
        "type": "github"
      },
      "original": {
        "owner": "vyorkin",
        "repo": "emacs.d",
        "type": "github"
      }
    },
    "flake-compat": {
      "flake": false,
      "locked": {
        "lastModified": 1641205782,
        "narHash": "sha256-4jY7RCWUoZ9cKD8co0/4tFARpWB+57+r1bLLvXNJliY=",
        "owner": "edolstra",
        "repo": "flake-compat",
        "rev": "b7547d3eed6f32d06102ead8991ec52ab0a4f1a7",
        "type": "github"
      },
      "original": {
        "owner": "edolstra",
        "repo": "flake-compat",
        "type": "github"
      }
    },
    "flake-compat_2": {
      "flake": false,
      "locked": {
        "lastModified": 1627913399,
        "narHash": "sha256-hY8g6H2KFL8ownSiFeMOjwPC8P0ueXpCVEbxgda3pko=",
        "owner": "edolstra",
        "repo": "flake-compat",
        "rev": "12c64ca55c1014cdc1b16ed5a804aa8576601ff2",
        "type": "github"
      },
      "original": {
        "owner": "edolstra",
        "repo": "flake-compat",
        "type": "github"
      }
    },
    "flake-compat_3": {
      "flake": false,
      "locked": {
        "lastModified": 1641205782,
        "narHash": "sha256-4jY7RCWUoZ9cKD8co0/4tFARpWB+57+r1bLLvXNJliY=",
        "owner": "edolstra",
        "repo": "flake-compat",
        "rev": "b7547d3eed6f32d06102ead8991ec52ab0a4f1a7",
        "type": "github"
      },
      "original": {
        "owner": "edolstra",
        "repo": "flake-compat",
        "type": "github"
      }
    },
    "flake-utils": {
      "locked": {
        "lastModified": 1637014545,
        "narHash": "sha256-26IZAc5yzlD9FlDT54io1oqG/bBoyka+FJk5guaX4x4=",
        "owner": "numtide",
        "repo": "flake-utils",
        "rev": "bba5dcc8e0b20ab664967ad83d24d64cb64ec4f4",
        "type": "github"
      },
      "original": {
        "owner": "numtide",
        "repo": "flake-utils",
        "type": "github"
      }
    },
    "flake-utils_2": {
      "locked": {
        "lastModified": 1620759905,
        "narHash": "sha256-WiyWawrgmyN0EdmiHyG2V+fqReiVi8bM9cRdMaKQOFg=",
        "owner": "numtide",
        "repo": "flake-utils",
        "rev": "b543720b25df6ffdfcf9227afafc5b8c1fabfae8",
        "type": "github"
      },
      "original": {
        "owner": "numtide",
        "repo": "flake-utils",
        "type": "github"
      }
    },
    "ghacks": {
      "flake": false,
      "locked": {
        "lastModified": 1645958644,
        "narHash": "sha256-Df2D2eBifkZpFklPBbE94AvgAUM/NUAAiuqUzp67Hdo=",
        "owner": "ghacksuserjs",
        "repo": "ghacks-user.js",
        "rev": "0d83307b14760c9231f67e6f1e99bfbd7b586650",
        "type": "github"
      },
      "original": {
        "owner": "ghacksuserjs",
        "repo": "ghacks-user.js",
        "type": "github"
      }
    },
    "git-config": {
      "flake": false,
      "locked": {
        "lastModified": 1625396314,
        "narHash": "sha256-xHmZItvbgUkosVBHiMDSBoQlJdXnAkvH7vdf5tqMODA=",
        "ref": "master",
        "rev": "170b1c6f93b826cc543a44ff2c4eb0c1abec583e",
        "revCount": 5,
        "type": "git",
        "url": "ssh://git@github.com/vyorkin/gitconfig.git"
      },
      "original": {
        "type": "git",
        "url": "ssh://git@github.com/vyorkin/gitconfig.git"
      }
    },
    "himalaya": {
      "inputs": {
        "flake-compat": "flake-compat_2",
        "naersk": "naersk",
        "nixpkgs": "nixpkgs_3",
        "rust-overlay": "rust-overlay",
        "utils": "utils_2"
      },
      "locked": {
        "lastModified": 1646408512,
        "narHash": "sha256-Ejaspj0YpkGmfO1omOhx8ZDg77J7NqC32mw5Cd3K1FM=",
        "owner": "soywod",
        "repo": "himalaya",
        "rev": "2d077faa88d6e9fa4f77dbea2030934c40231163",
        "type": "github"
      },
      "original": {
        "owner": "soywod",
        "repo": "himalaya",
        "type": "github"
      }
    },
    "home-manager": {
      "inputs": {
        "nixpkgs": "nixpkgs_5"
      },
      "locked": {
        "lastModified": 1646559628,
        "narHash": "sha256-WDoqxH/IPTV8CkI15wwzvXYgXq9UPr8xd8WKziuaynw=",
        "owner": "rycee",
        "repo": "home-manager",
        "rev": "afe96e7433c513bf82375d41473c57d1f66b4e68",
        "type": "github"
      },
      "original": {
        "owner": "rycee",
        "repo": "home-manager",
        "type": "github"
      }
    },
    "i3blocks-contrib": {
      "flake": false,
      "locked": {
        "lastModified": 1642463857,
        "narHash": "sha256-i9xSYo7BkYfzDqgwOEOtYtCYblJI5ldc1oBgX9EVQqA=",
        "owner": "vivien",
        "repo": "i3blocks-contrib",
        "rev": "07dbf036882c513b58e7d18d48eb6f08493f5717",
        "type": "github"
      },
      "original": {
        "owner": "vivien",
        "repo": "i3blocks-contrib",
        "type": "github"
      }
    },
    "impermanence": {
      "locked": {
        "lastModified": 1646131459,
        "narHash": "sha256-GPmgxvUFvQ1GmsGfWHy9+rcxWrczeDhS9XnAIPHi9XQ=",
        "owner": "nix-community",
        "repo": "impermanence",
        "rev": "2f39baeb7d039fda5fc8225111bb79474138e6f4",
        "type": "github"
      },
      "original": {
        "owner": "nix-community",
        "repo": "impermanence",
        "type": "github"
      }
    },
    "kitty-themes": {
      "flake": false,
      "locked": {
        "lastModified": 1642593129,
        "narHash": "sha256-RcDmZ1fbNX18+X3xCqqdRbD+XYPsgNte1IXUNt6CxIA=",
        "owner": "dexpota",
        "repo": "kitty-themes",
        "rev": "b1abdd54ba655ef34f75a568d78625981bf1722c",
        "type": "github"
      },
      "original": {
        "owner": "dexpota",
        "repo": "kitty-themes",
        "type": "github"
      }
    },
    "lowdown-src": {
      "flake": false,
      "locked": {
        "lastModified": 1633514407,
        "narHash": "sha256-Dw32tiMjdK9t3ETl5fzGrutQTzh2rufgZV4A/BbxuD4=",
        "owner": "kristapsdz",
        "repo": "lowdown",
        "rev": "d2c2b44ff6c27b936ec27358a2653caaef8f73b8",
        "type": "github"
      },
      "original": {
        "owner": "kristapsdz",
        "repo": "lowdown",
        "type": "github"
      }
    },
    "materia-theme": {
      "flake": false,
      "locked": {
        "lastModified": 1638461758,
        "narHash": "sha256-+E8eJQcDw4F12MmGrCoFUeGFZzYZWQtY7PVhXVAZRFY=",
        "owner": "nana-4",
        "repo": "materia-theme",
        "rev": "af63425f9bbb2ac9bc4853a4357457d743c65308",
        "type": "github"
      },
      "original": {
        "owner": "nana-4",
        "repo": "materia-theme",
        "type": "github"
      }
    },
    "mtxclient": {
      "flake": false,
      "locked": {
        "lastModified": 1646627076,
        "narHash": "sha256-JDuzqr/boGc6cPduvrpxT36VY8t0EaN2j/UCVA8mWEE=",
        "owner": "nheko-reborn",
        "repo": "mtxclient",
        "rev": "a3fec0ae53762a8a482cde50c9709671bcf0548d",
        "type": "github"
      },
      "original": {
        "owner": "nheko-reborn",
        "repo": "mtxclient",
        "type": "github"
      }
    },
    "naersk": {
      "inputs": {
        "nixpkgs": "nixpkgs_2"
      },
      "locked": {
        "lastModified": 1639947939,
        "narHash": "sha256-pGsM8haJadVP80GFq4xhnSpNitYNQpaXk4cnA796Cso=",
        "owner": "nix-community",
        "repo": "naersk",
        "rev": "2fc8ce9d3c025d59fee349c1f80be9785049d653",
        "type": "github"
      },
      "original": {
        "owner": "nix-community",
        "repo": "naersk",
        "type": "github"
      }
    },
    "nheko": {
      "flake": false,
      "locked": {
        "lastModified": 1646721251,
        "narHash": "sha256-o+T6+nGZnaaNLnvlmXyRyO8O18qvIAezOWTXCUsaesE=",
        "owner": "nheko-reborn",
        "repo": "nheko",
        "rev": "23e931e41fc34893aadf196507de2529d1ee9999",
        "type": "github"
      },
      "original": {
        "owner": "nheko-reborn",
        "repo": "nheko",
        "type": "github"
      }
    },
    "nix": {
      "inputs": {
        "lowdown-src": "lowdown-src",
        "nixpkgs": "nixpkgs_6",
        "nixpkgs-regression": "nixpkgs-regression"
      },
      "locked": {
        "lastModified": 1646680355,
        "narHash": "sha256-mdwznVHawjYvav6/fkBnwV90ItwHapSjPhNafh37mV4=",
        "owner": "NixOS",
        "repo": "nix",
        "rev": "92b8d4d8861b908a7ec500526a84155c597d6d2b",
        "type": "github"
      },
      "original": {
        "id": "nix",
        "type": "indirect"
      }
    },
    "nix-direnv": {
      "inputs": {
        "flake-utils": "flake-utils_2",
        "nixpkgs": "nixpkgs_7"
      },
      "locked": {
        "lastModified": 1646649202,
        "narHash": "sha256-Y0lFDVcIO3fTS8vLxSwWTbJ5mk1jHKKC+eR4+Od3uKQ=",
        "owner": "nix-community",
        "repo": "nix-direnv",
        "rev": "b4cdd0c3beeaf999df42a3d42fe7396961c402b4",
        "type": "github"
      },
      "original": {
        "owner": "nix-community",
        "repo": "nix-direnv",
        "type": "github"
      }
    },
    "nix-zsh-completions": {
      "flake": false,
      "locked": {
        "lastModified": 1614026477,
        "narHash": "sha256-TWgo56l+FBXssOYWlAfJ5j4pOHNmontOEolcGdihIJs=",
        "owner": "spwhitt",
        "repo": "nix-zsh-completions",
        "rev": "468d8cf752a62b877eba1a196fbbebb4ce4ebb6f",
        "type": "github"
      },
      "original": {
        "owner": "spwhitt",
        "repo": "nix-zsh-completions",
        "type": "github"
      }
    },
    "nixos-artwork": {
      "flake": false,
      "locked": {
        "lastModified": 1644354217,
        "narHash": "sha256-zsTfpmGjo4mDRc9/1fKeUtpv+HM+7m+gQc4zNUVfE/w=",
        "owner": "nixos",
        "repo": "artwork",
        "rev": "d1e682539bba03f75d4350b609430703cf3cdacb",
        "type": "github"
      },
      "original": {
        "owner": "nixos",
        "repo": "artwork",
        "type": "github"
      }
    },
    "nixos-fhs-compat": {
      "locked": {
        "lastModified": 1638624912,
        "narHash": "sha256-+luMnWfRmPLgIh63AONik/9pvwxUjjK8PaMVqfJEUzE=",
        "owner": "balsoft",
        "repo": "nixos-fhs-compat",
        "rev": "0cf9397b825686b3cfa34a0d0bdcdeabcbb8ea03",
        "type": "github"
      },
      "original": {
        "owner": "balsoft",
        "repo": "nixos-fhs-compat",
        "type": "github"
      }
    },
    "nixos-hardware": {
      "flake": false,
      "locked": {
        "lastModified": 1646647249,
        "narHash": "sha256-G1qFpuv8FOO7Sjx3kPwVi63emtCFZvTBSta8jODOb/U=",
        "owner": "NixOS",
        "repo": "nixos-hardware",
        "rev": "86fa91c21f911d7cb0427baed3b177744b82e068",
        "type": "github"
      },
      "original": {
        "owner": "NixOS",
        "repo": "nixos-hardware",
        "type": "github"
      }
    },
    "nixpkgs": {
      "locked": {
        "lastModified": 1643472818,
        "narHash": "sha256-qzVPxKDUubYIxKRSuDl/JgzXWSmGvUVYny9SxFMfPJM=",
        "owner": "NixOS",
        "repo": "nixpkgs",
        "rev": "7f65e4abd5ecaad12d2d26e4380d1a7d8edafea7",
        "type": "github"
      },
      "original": {
        "owner": "NixOS",
        "ref": "nixpkgs-unstable",
        "repo": "nixpkgs",
        "type": "github"
      }
    },
    "nixpkgs-21-11": {
      "flake": false,
      "locked": {
        "lastModified": 1646588256,
        "narHash": "sha256-ZHljmNlt19nSm0Mz8fx6QEhddKUkU4hhwFmfNmGn+EY=",
        "owner": "nixos",
        "repo": "nixpkgs",
        "rev": "2ebb6c1e5ae402ba35cca5eec58385e5f1adea04",
        "type": "github"
      },
      "original": {
        "owner": "nixos",
        "ref": "nixos-21.11",
        "repo": "nixpkgs",
        "type": "github"
      }
    },
    "nixpkgs-regression": {
      "locked": {
        "lastModified": 1643052045,
        "narHash": "sha256-uGJ0VXIhWKGXxkeNnq4TvV3CIOkUJ3PAoLZ3HMzNVMw=",
        "owner": "NixOS",
        "repo": "nixpkgs",
        "rev": "215d4d0fd80ca5163643b03a33fde804a29cc1e2",
        "type": "github"
      },
      "original": {
        "id": "nixpkgs",
        "rev": "215d4d0fd80ca5163643b03a33fde804a29cc1e2",
        "type": "indirect"
      }
    },
    "nixpkgs-wayland": {
      "inputs": {
        "cachix": "cachix",
        "flake-compat": "flake-compat_3",
        "nixpkgs": "nixpkgs_9"
      },
      "locked": {
        "lastModified": 1646722191,
        "narHash": "sha256-reqa+AoO/t3+O+EYhcMTMb1c+RkEZoBgaUP39EBgNZ8=",
        "owner": "colemickens",
        "repo": "nixpkgs-wayland",
        "rev": "976f45af6d0be32cc921e005e20353bf75c35bd3",
        "type": "github"
      },
      "original": {
        "owner": "colemickens",
        "repo": "nixpkgs-wayland",
        "type": "github"
      }
    },
    "nixpkgs_2": {
      "locked": {
        "lastModified": 1640418986,
        "narHash": "sha256-a8GGtxn2iL3WAkY5H+4E0s3Q7XJt6bTOvos9qqxT5OQ=",
        "owner": "NixOS",
        "repo": "nixpkgs",
        "rev": "5c37ad87222cfc1ec36d6cd1364514a9efc2f7f2",
        "type": "github"
      },
      "original": {
        "id": "nixpkgs",
        "type": "indirect"
      }
    },
    "nixpkgs_3": {
      "locked": {
        "lastModified": 1640418986,
        "narHash": "sha256-a8GGtxn2iL3WAkY5H+4E0s3Q7XJt6bTOvos9qqxT5OQ=",
        "owner": "NixOS",
        "repo": "nixpkgs",
        "rev": "5c37ad87222cfc1ec36d6cd1364514a9efc2f7f2",
        "type": "github"
      },
      "original": {
        "id": "nixpkgs",
        "type": "indirect"
      }
    },
    "nixpkgs_4": {
      "locked": {
        "lastModified": 1637453606,
        "narHash": "sha256-Gy6cwUswft9xqsjWxFYEnx/63/qzaFUwatcbV5GF/GQ=",
        "owner": "NixOS",
        "repo": "nixpkgs",
        "rev": "8afc4e543663ca0a6a4f496262cd05233737e732",
        "type": "github"
      },
      "original": {
        "owner": "NixOS",
        "ref": "nixpkgs-unstable",
        "repo": "nixpkgs",
        "type": "github"
      }
    },
    "nixpkgs_5": {
      "locked": {
        "lastModified": 1646470760,
        "narHash": "sha256-dQISyucVCCPaFioUhy5ZgfBz8rOMKGI8k13aPDFTqEs=",
        "owner": "NixOS",
        "repo": "nixpkgs",
        "rev": "1fc7212a2c3992eedc6eedf498955c321ad81cc2",
        "type": "github"
      },
      "original": {
        "id": "nixpkgs",
        "type": "indirect"
      }
    },
    "nixpkgs_6": {
      "locked": {
        "lastModified": 1632864508,
        "narHash": "sha256-d127FIvGR41XbVRDPVvozUPQ/uRHbHwvfyKHwEt5xFM=",
        "owner": "NixOS",
        "repo": "nixpkgs",
        "rev": "82891b5e2c2359d7e58d08849e4c89511ab94234",
        "type": "github"
      },
      "original": {
        "id": "nixpkgs",
        "ref": "nixos-21.05-small",
        "type": "indirect"
      }
    },
    "nixpkgs_7": {
      "locked": {
        "lastModified": 1622059058,
        "narHash": "sha256-t1/ZMtyxClVSfcV4Pt5C1YpkeJ/UwFF3oitLD7Ch/UA=",
        "owner": "NixOS",
        "repo": "nixpkgs",
        "rev": "84aa23742f6c72501f9cc209f29c438766f5352d",
        "type": "github"
      },
      "original": {
        "owner": "NixOS",
        "ref": "nixpkgs-unstable",
        "repo": "nixpkgs",
        "type": "github"
      }
    },
    "nixpkgs_8": {
      "locked": {
        "lastModified": 1646497237,
        "narHash": "sha256-Ccpot1h/rV8MgcngDp5OrdmLTMaUTbStZTR5/sI7zW0=",
        "owner": "nixos",
        "repo": "nixpkgs",
        "rev": "062a0c5437b68f950b081bbfc8a699d57a4ee026",
        "type": "github"
      },
      "original": {
        "owner": "nixos",
        "ref": "nixos-unstable",
        "repo": "nixpkgs",
        "type": "github"
      }
    },
    "nixpkgs_9": {
      "locked": {
        "lastModified": 1646497237,
        "narHash": "sha256-Ccpot1h/rV8MgcngDp5OrdmLTMaUTbStZTR5/sI7zW0=",
        "owner": "nixos",
        "repo": "nixpkgs",
        "rev": "062a0c5437b68f950b081bbfc8a699d57a4ee026",
        "type": "github"
      },
      "original": {
        "owner": "nixos",
        "ref": "nixos-unstable",
        "repo": "nixpkgs",
        "type": "github"
      }
    },
    "root": {
      "inputs": {
        "NUR": "NUR",
        "deploy-rs": "deploy-rs",
        "dotpryrc": "dotpryrc",
        "emacs": "emacs",
        "emacs-config": "emacs-config",
        "ghacks": "ghacks",
        "git-config": "git-config",
        "himalaya": "himalaya",
        "home-manager": "home-manager",
        "i3blocks-contrib": "i3blocks-contrib",
        "impermanence": "impermanence",
        "kitty-themes": "kitty-themes",
        "materia-theme": "materia-theme",
        "mtxclient": "mtxclient",
        "nheko": "nheko",
        "nix": "nix",
        "nix-direnv": "nix-direnv",
        "nix-zsh-completions": "nix-zsh-completions",
        "nixos-artwork": "nixos-artwork",
        "nixos-fhs-compat": "nixos-fhs-compat",
        "nixos-hardware": "nixos-hardware",
        "nixpkgs": "nixpkgs_8",
        "nixpkgs-21-11": "nixpkgs-21-11",
        "nixpkgs-wayland": "nixpkgs-wayland",
        "rycee": "rycee",
        "secrets": "secrets",
        "tmux-config": "tmux-config",
        "tpm": "tpm",
        "vim-config": "vim-config",
        "weechat-notify-send": "weechat-notify-send",
        "weechat-scripts": "weechat-scripts",
        "zsh-config": "zsh-config"
      }
    },
    "rust-overlay": {
      "inputs": {
        "flake-utils": "flake-utils",
        "nixpkgs": "nixpkgs_4"
      },
      "locked": {
        "lastModified": 1642838864,
        "narHash": "sha256-pHnhm3HWwtvtOK7NdNHwERih3PgNlacrfeDwachIG8E=",
        "owner": "oxalica",
        "repo": "rust-overlay",
        "rev": "9fb49daf1bbe1d91e6c837706c481f9ebb3d8097",
        "type": "github"
      },
      "original": {
        "owner": "oxalica",
        "repo": "rust-overlay",
        "type": "github"
      }
    },
    "rycee": {
      "flake": false,
      "locked": {
        "lastModified": 1646712135,
        "narHash": "sha256-Obp5/Lnx2l9Hpth4pse2XN5d+vPf3ecjoEwyb4/Fyzs=",
        "owner": "rycee",
        "repo": "nur-expressions",
        "rev": "552490ad6850174a907de5abd53cab7dcd20fa7d",
        "type": "gitlab"
      },
      "original": {
        "owner": "rycee",
        "repo": "nur-expressions",
        "type": "gitlab"
      }
    },
    "secrets": {
      "flake": false,
      "locked": {
        "lastModified": 1635957742,
        "narHash": "sha256-lrjWn4ODOLtpcsxixRGSrG+ht2Nu0QH+nUlj8484lCw=",
        "ref": "master",
        "rev": "cebf0685d56108b40b23635dae1b6768999c86c1",
        "revCount": 45,
        "type": "git",
        "url": "ssh://git@github.com/vyorkin/dotsecrets.git"
      },
      "original": {
        "type": "git",
        "url": "ssh://git@github.com/vyorkin/dotsecrets.git"
      }
    },
    "tmux-config": {
      "flake": false,
      "locked": {
        "lastModified": 1623969654,
        "narHash": "sha256-jxJQ1Nj55RFTQKyadyTgsYc4NHp9oMB8ZieynPy3ZAA=",
        "owner": "vyorkin",
        "repo": "tmux.conf",
        "rev": "b1be41c9b93ff1d1ed94dd3f282d18ee232bc027",
        "type": "github"
      },
      "original": {
        "owner": "vyorkin",
        "repo": "tmux.conf",
        "type": "github"
      }
    },
    "tpm": {
      "flake": false,
      "locked": {
        "lastModified": 1641035158,
        "narHash": "sha256-aGRy5ah1Dxb+94QoIkOy0nKlmAOFq2y5xnf2B852JY0=",
        "owner": "tmux-plugins",
        "repo": "tpm",
        "rev": "b699a7e01c253ffb7818b02d62bce24190ec1019",
        "type": "github"
      },
      "original": {
        "owner": "tmux-plugins",
        "repo": "tpm",
        "type": "github"
      }
    },
    "utils": {
      "locked": {
        "lastModified": 1642700792,
        "narHash": "sha256-XqHrk7hFb+zBvRg6Ghl+AZDq03ov6OshJLiSWOoX5es=",
        "owner": "numtide",
        "repo": "flake-utils",
        "rev": "846b2ae0fc4cc943637d3d1def4454213e203cba",
        "type": "github"
      },
      "original": {
        "owner": "numtide",
        "repo": "flake-utils",
        "type": "github"
      }
    },
    "utils_2": {
      "locked": {
        "lastModified": 1623875721,
        "narHash": "sha256-A8BU7bjS5GirpAUv4QA+QnJ4CceLHkcXdRp4xITDB0s=",
        "owner": "numtide",
        "repo": "flake-utils",
        "rev": "f7e004a55b120c02ecb6219596820fcd32ca8772",
        "type": "github"
      },
      "original": {
        "owner": "numtide",
        "repo": "flake-utils",
        "type": "github"
      }
    },
    "vim-config": {
      "flake": false,
      "locked": {
        "lastModified": 1645222091,
        "narHash": "sha256-uR/u/ygaDH5Ywv7jEo3+qQs25TFey6S4WbCBY9/UN8w=",
        "owner": "vyorkin",
        "repo": "vimrc",
        "rev": "a16a07f7d6fbb8f64d95d0282fc1f306600af1da",
        "type": "github"
      },
      "original": {
        "owner": "vyorkin",
        "repo": "vimrc",
        "type": "github"
      }
    },
    "weechat-notify-send": {
      "flake": false,
      "locked": {
        "lastModified": 1635517959,
        "narHash": "sha256-LXyt5374QL9QnCXBG2zARvkeh2ghx0IqAWtdloeoAuI=",
        "owner": "s3rvac",
        "repo": "weechat-notify-send",
        "rev": "d99632574a11098c05bc2b6075e149aaea77be0d",
        "type": "github"
      },
      "original": {
        "owner": "s3rvac",
        "repo": "weechat-notify-send",
        "type": "github"
      }
    },
    "weechat-scripts": {
      "flake": false,
      "locked": {
        "lastModified": 1645515473,
        "narHash": "sha256-SMtzRVC1kUmbSp/Cfxn7LL7UmRaYzo+/uslJlR/BJ5Q=",
        "owner": "weechat",
        "repo": "scripts",
        "rev": "6cb4ef7c6165968ad9d3b5b3fb3408d85da37758",
        "type": "github"
      },
      "original": {
        "owner": "weechat",
        "repo": "scripts",
        "type": "github"
      }
    },
    "zsh-config": {
      "flake": false,
      "locked": {
        "lastModified": 1645139815,
        "narHash": "sha256-1QJgLm2anM0FIdlMzNTIS9uyGFlcEn2yv5VbNm0xiU8=",
        "owner": "vyorkin",
        "repo": "zshrc",
        "rev": "920455269fe3d875c21afc5bf2dfe64fd7e13b1c",
        "type": "github"
      },
      "original": {
        "owner": "vyorkin",
        "repo": "zshrc",
        "type": "github"
      }
    }
  },
  "root": "root",
  "version": 7
}
