{
  "nodes": {
    "cachix": {
      "locked": {
        "lastModified": 1623874375,
        "narHash": "sha256-87PlXviSjgPLOAwbyWoUlRMfSd3xlGVkqnwIh4geXKY=",
        "owner": "nixos",
        "repo": "nixpkgs",
        "rev": "686720050c323dc6f43635b1caae33e709e145e6",
        "type": "github"
      },
      "original": {
        "owner": "nixos",
        "ref": "nixos-20.09",
        "repo": "nixpkgs",
        "type": "github"
      }
    },
    "deploy-rs": {
      "inputs": {
        "flake-compat": "flake-compat",
        "naersk": "naersk",
        "nixpkgs": "nixpkgs",
        "utils": "utils"
      },
      "locked": {
        "lastModified": 1623011836,
        "narHash": "sha256-02M4P3eqUdV+ouZb8n1KDR1CXeZQm17cKpjKZKi0c10=",
        "owner": "serokell",
        "repo": "deploy-rs",
        "rev": "70d71b3027b1793b780f1e2435bdbbe1b0cb9ac6",
        "type": "github"
      },
      "original": {
        "owner": "serokell",
        "repo": "deploy-rs",
        "type": "github"
      }
    },
    "dotpryrc": {
      "flake": false,
      "locked": {
        "lastModified": 1429714272,
        "narHash": "sha256-ImFIXK5sc6NTd/EzZl3VQ7MbRWtQetYc1lZEwGSlw2g=",
        "owner": "vyorkin",
        "repo": "dotpryrc",
        "rev": "76eaace4b94c935096ad4fa5476297507d67e4cf",
        "type": "github"
      },
      "original": {
        "owner": "vyorkin",
        "repo": "dotpryrc",
        "type": "github"
      }
    },
    "emacs": {
      "locked": {
        "lastModified": 1630920179,
        "narHash": "sha256-+Js+hKdoowq5fssNSFNEPaQB6AGVKGL6Ayy4ZblAyJI=",
        "owner": "nix-community",
        "repo": "emacs-overlay",
        "rev": "be3061827cb2eea7f5083cb1eb5b9b86c37028f2",
        "type": "github"
      },
      "original": {
        "owner": "nix-community",
        "repo": "emacs-overlay",
        "type": "github"
      }
    },
    "emacs-config": {
      "flake": false,
      "locked": {
        "lastModified": 1622453486,
        "narHash": "sha256-lL63vS5MwzsFDwMUGtbH8PH34UjDjojRMSmSZJ9YT/w=",
        "owner": "vyorkin",
        "repo": "emacs.d",
        "rev": "5b13d94e9e9240905b0cb1c88c9aff81bcede10e",
        "type": "github"
      },
      "original": {
        "owner": "vyorkin",
        "repo": "emacs.d",
        "type": "github"
      }
    },
    "flake-compat": {
      "flake": false,
      "locked": {
        "lastModified": 1606424373,
        "narHash": "sha256-oq8d4//CJOrVj+EcOaSXvMebvuTkmBJuT5tzlfewUnQ=",
        "owner": "edolstra",
        "repo": "flake-compat",
        "rev": "99f1c2157fba4bfe6211a321fd0ee43199025dbf",
        "type": "github"
      },
      "original": {
        "owner": "edolstra",
        "repo": "flake-compat",
        "type": "github"
      }
    },
    "ghacks": {
      "flake": false,
      "locked": {
        "lastModified": 1623862094,
        "narHash": "sha256-5XRmEnM2yvyoeyHECkYB+esYvpi0s3XXvOBVAUFQIoA=",
        "owner": "ghacksuserjs",
        "repo": "ghacks-user.js",
        "rev": "12c063190098b6a62e0671db0f704939678811eb",
        "type": "github"
      },
      "original": {
        "owner": "ghacksuserjs",
        "repo": "ghacks-user.js",
        "type": "github"
      }
    },
    "git-config": {
      "flake": false,
      "locked": {
        "lastModified": 1609102494,
        "narHash": "sha256-bgSK+P22Mn+A2qcDLuKGb2PA5Z8hj/EI+RxyIfvyaZA=",
        "ref": "master",
        "rev": "e848f1c178f36e53e3054c1aad01c43f4560333f",
        "revCount": 4,
        "type": "git",
        "url": "ssh://git@github.com/vyorkin/gitconfig.git"
      },
      "original": {
        "type": "git",
        "url": "ssh://git@github.com/vyorkin/gitconfig.git"
      }
    },
    "home-manager": {
      "inputs": {
        "nixpkgs": "nixpkgs_2"
      },
      "locked": {
        "lastModified": 1623967045,
        "narHash": "sha256-D8tZULncqU2Drn4vmG1vgMdhnZ5ONV5aEuHIxaA/kyE=",
        "owner": "rycee",
        "repo": "home-manager",
        "rev": "2f6d5c90f4497dc3cfc043c0fd1b77272ebaeeaa",
        "type": "github"
      },
      "original": {
        "owner": "rycee",
        "repo": "home-manager",
        "type": "github"
      }
    },
    "kitty-themes": {
      "flake": false,
      "locked": {
        "lastModified": 1573943989,
        "narHash": "sha256-DBvkVxInRhKhx5S7dzz5bcSFCf1h6A27h+lIPIXLr4U=",
        "owner": "dexpota",
        "repo": "kitty-themes",
        "rev": "fca3335489bdbab4cce150cb440d3559ff5400e2",
        "type": "github"
      },
      "original": {
        "owner": "dexpota",
        "repo": "kitty-themes",
        "type": "github"
      }
    },
    "lowdown-src": {
      "flake": false,
      "locked": {
        "lastModified": 1617481909,
        "narHash": "sha256-SqnfOFuLuVRRNeVJr1yeEPJue/qWoCp5N6o5Kr///p4=",
        "owner": "kristapsdz",
        "repo": "lowdown",
        "rev": "148f9b2f586c41b7e36e73009db43ea68c7a1a4d",
        "type": "github"
      },
      "original": {
        "owner": "kristapsdz",
        "ref": "VERSION_0_8_4",
        "repo": "lowdown",
        "type": "github"
      }
    },
    "materia-theme": {
      "flake": false,
      "locked": {
        "lastModified": 1620818711,
        "narHash": "sha256-0eCAfm/MWXv6BbCl2vbVbvgv8DiUH09TAUhoKq7Ow0k=",
        "owner": "nana-4",
        "repo": "materia-theme",
        "rev": "76cac96ca7fe45dc9e5b9822b0fbb5f4cad47984",
        "type": "github"
      },
      "original": {
        "owner": "nana-4",
        "repo": "materia-theme",
        "type": "github"
      }
    },
    "naersk": {
      "inputs": {
        "nixpkgs": [
          "nixpkgs"
        ]
      },
      "locked": {
        "lastModified": 1622810282,
        "narHash": "sha256-4wmvM3/xfD0hCdNDIXVzRMfL4yB1J+DjH6Zte2xbAxk=",
        "owner": "nmattia",
        "repo": "naersk",
        "rev": "e8061169e1495871b56be97c5c51d310fae01374",
        "type": "github"
      },
      "original": {
        "owner": "nmattia",
        "ref": "master",
        "repo": "naersk",
        "type": "github"
      }
    },
    "nix": {
      "inputs": {
        "lowdown-src": "lowdown-src",
        "nixpkgs": "nixpkgs_3"
      },
      "locked": {
        "lastModified": 1623751561,
        "narHash": "sha256-JnFda+QN31OvHiUYmvBxUVino+R1gC6XLxkE1NpWxUs=",
        "owner": "NixOS",
        "repo": "nix",
        "rev": "e6150de90d8db101209fc6363f5f7696ee8192c4",
        "type": "github"
      },
      "original": {
        "id": "nix",
        "type": "indirect"
      }
    },
    "nix-zsh-completions": {
      "flake": false,
      "locked": {
        "lastModified": 1614026477,
        "narHash": "sha256-TWgo56l+FBXssOYWlAfJ5j4pOHNmontOEolcGdihIJs=",
        "owner": "spwhitt",
        "repo": "nix-zsh-completions",
        "rev": "468d8cf752a62b877eba1a196fbbebb4ce4ebb6f",
        "type": "github"
      },
      "original": {
        "owner": "spwhitt",
        "repo": "nix-zsh-completions",
        "type": "github"
      }
    },
    "nixos-artwork": {
      "flake": false,
      "locked": {
        "lastModified": 1620507262,
        "narHash": "sha256-M2fe4BnuqiGjL8XmVE8VsMdkjSGFyiyYF9PaVBmJNQ4=",
        "owner": "nixos",
        "repo": "artwork",
        "rev": "f8b0cbdfb9caa56907d17695c56e65d6c8586348",
        "type": "github"
      },
      "original": {
        "owner": "nixos",
        "repo": "artwork",
        "type": "github"
      }
    },
    "nixos-fhs-compat": {
      "locked": {
        "lastModified": 1614380280,
        "narHash": "sha256-D+fgJ25woYVibCk8OgbPGh+p9bBwoloKAhFhWqRH43o=",
        "owner": "balsoft",
        "repo": "nixos-fhs-compat",
        "rev": "950882321fce2e5cd9b96c8e71624c173fd3ad6d",
        "type": "github"
      },
      "original": {
        "owner": "balsoft",
        "repo": "nixos-fhs-compat",
        "type": "github"
      }
    },
    "nixos-hardware": {
      "flake": false,
      "locked": {
        "lastModified": 1623569835,
        "narHash": "sha256-Mg+FN1JkEQ91Zff0+ot/ndRgD9BB+uDBLN12AcBYkSA=",
        "owner": "NixOS",
        "repo": "nixos-hardware",
        "rev": "7305b276c90cfd3ad0a2452101a49c0b52c784c0",
        "type": "github"
      },
      "original": {
        "owner": "NixOS",
        "repo": "nixos-hardware",
        "type": "github"
      }
    },
    "nixpkgs": {
      "locked": {
        "lastModified": 1622972307,
        "narHash": "sha256-ENOu0FPCf95iLLoq2txhJtnA2ZpOFhIVBqQVbKM8ra0=",
        "owner": "NixOS",
        "repo": "nixpkgs",
        "rev": "d8eb97e3801bde96491535f40483d550b57605b9",
        "type": "github"
      },
      "original": {
        "owner": "NixOS",
        "ref": "nixpkgs-unstable",
        "repo": "nixpkgs",
        "type": "github"
      }
    },
    "nixpkgs-19-09": {
      "flake": false,
      "locked": {
        "lastModified": 1600952148,
        "narHash": "sha256-GUKHrnng33luc6mUT3rDnZ3Hm+4MMEJpEchRIAQx7JQ=",
        "owner": "nixos",
        "repo": "nixpkgs",
        "rev": "75f4ba05c63be3f147bcc2f7bd4ba1f029cedcb1",
        "type": "github"
      },
      "original": {
        "owner": "nixos",
        "ref": "nixos-19.09",
        "repo": "nixpkgs",
        "type": "github"
      }
    },
    "nixpkgs-20-03": {
      "flake": false,
      "locked": {
        "lastModified": 1620055814,
        "narHash": "sha256-8LEHoYSJiL901bTMVatq+rf8y7QtWuZhwwpKE2fyaRY=",
        "owner": "nixos",
        "repo": "nixpkgs",
        "rev": "1db42b7fe3878f3f5f7a4f2dc210772fd080e205",
        "type": "github"
      },
      "original": {
        "owner": "nixos",
        "ref": "nixos-20.03",
        "repo": "nixpkgs",
        "type": "github"
      }
    },
    "nixpkgs-20-09": {
      "flake": false,
      "locked": {
        "lastModified": 1623874375,
        "narHash": "sha256-87PlXviSjgPLOAwbyWoUlRMfSd3xlGVkqnwIh4geXKY=",
        "owner": "nixos",
        "repo": "nixpkgs",
        "rev": "686720050c323dc6f43635b1caae33e709e145e6",
        "type": "github"
      },
      "original": {
        "owner": "nixos",
        "ref": "nixos-20.09",
        "repo": "nixpkgs",
        "type": "github"
      }
    },
    "nixpkgs-wayland": {
      "inputs": {
        "cachix": "cachix",
        "nixpkgs": "nixpkgs_5"
      },
      "locked": {
        "lastModified": 1624013877,
        "narHash": "sha256-4qLDvR+ulA8BDBK6rLrTnhnatoqpQPyoQXlABNjvddc=",
        "owner": "colemickens",
        "repo": "nixpkgs-wayland",
        "rev": "a10a32c534c6e4e40c97cbe8cc9011926447c629",
        "type": "github"
      },
      "original": {
        "owner": "colemickens",
        "repo": "nixpkgs-wayland",
        "type": "github"
      }
    },
    "nixpkgs_2": {
      "locked": {
        "lastModified": 1624024598,
        "narHash": "sha256-X++38oH5MKEmPW4/2WdMaHQvwJzO8pJfbnzMD7DbG1E=",
        "owner": "NixOS",
        "repo": "nixpkgs",
        "rev": "33d42ad7cf2769ce6364ed4e52afa8e9d1439d58",
        "type": "github"
      },
      "original": {
        "id": "nixpkgs",
        "type": "indirect"
      }
    },
    "nixpkgs_3": {
      "locked": {
        "lastModified": 1622593737,
        "narHash": "sha256-9loxFJg85AbzJrSkU4pE/divZ1+zOxDy2FSjlrufCB8=",
        "owner": "NixOS",
        "repo": "nixpkgs",
        "rev": "bb8a5e54845012ed1375ffd5f317d2fdf434b20e",
        "type": "github"
      },
      "original": {
        "id": "nixpkgs",
        "ref": "nixos-21.05-small",
        "type": "indirect"
      }
    },
    "nixpkgs_4": {
      "locked": {
        "lastModified": 1623580589,
        "narHash": "sha256-Ayp1cjXpwFCkAiWUE46rj9APTltsiEBdIs2+cj+U7+c=",
        "owner": "nixos",
        "repo": "nixpkgs",
        "rev": "fa0326ce5233f7d592271df52c9d0812bec47b84",
        "type": "github"
      },
      "original": {
        "owner": "nixos",
        "ref": "nixos-unstable",
        "repo": "nixpkgs",
        "type": "github"
      }
    },
    "nixpkgs_5": {
      "locked": {
        "lastModified": 1623580589,
        "narHash": "sha256-Ayp1cjXpwFCkAiWUE46rj9APTltsiEBdIs2+cj+U7+c=",
        "owner": "nixos",
        "repo": "nixpkgs",
        "rev": "fa0326ce5233f7d592271df52c9d0812bec47b84",
        "type": "github"
      },
      "original": {
        "owner": "nixos",
        "ref": "nixos-unstable",
        "repo": "nixpkgs",
        "type": "github"
      }
    },
    "root": {
      "inputs": {
        "deploy-rs": "deploy-rs",
        "dotpryrc": "dotpryrc",
        "emacs": "emacs",
        "emacs-config": "emacs-config",
        "ghacks": "ghacks",
        "git-config": "git-config",
        "home-manager": "home-manager",
        "kitty-themes": "kitty-themes",
        "materia-theme": "materia-theme",
        "nix": "nix",
        "nix-zsh-completions": "nix-zsh-completions",
        "nixos-artwork": "nixos-artwork",
        "nixos-fhs-compat": "nixos-fhs-compat",
        "nixos-hardware": "nixos-hardware",
        "nixpkgs": "nixpkgs_4",
        "nixpkgs-19-09": "nixpkgs-19-09",
        "nixpkgs-20-03": "nixpkgs-20-03",
        "nixpkgs-20-09": "nixpkgs-20-09",
        "nixpkgs-wayland": "nixpkgs-wayland",
        "secrets": "secrets",
        "tmux-config": "tmux-config",
        "tpm": "tpm",
        "vim-config": "vim-config",
        "weechat-notify-send": "weechat-notify-send",
        "weechat-scripts": "weechat-scripts",
        "zsh-config": "zsh-config"
      }
    },
    "secrets": {
      "flake": false,
      "locked": {
        "lastModified": 1624025186,
        "narHash": "sha256-YkoUVhTZHtnY6ZzsV/a054tyuFU2IZiVvf+UJ1Ohh4Q=",
        "ref": "master",
        "rev": "94cc0b4bab7fecff9ec67af0d6ea161668bafb91",
        "revCount": 43,
        "type": "git",
        "url": "ssh://git@github.com/vyorkin/dotsecrets.git"
      },
      "original": {
        "type": "git",
        "url": "ssh://git@github.com/vyorkin/dotsecrets.git"
      }
    },
    "tmux-config": {
      "flake": false,
      "locked": {
        "lastModified": 1623969654,
        "narHash": "sha256-jxJQ1Nj55RFTQKyadyTgsYc4NHp9oMB8ZieynPy3ZAA=",
        "owner": "vyorkin",
        "repo": "tmux.conf",
        "rev": "b1be41c9b93ff1d1ed94dd3f282d18ee232bc027",
        "type": "github"
      },
      "original": {
        "owner": "vyorkin",
        "repo": "tmux.conf",
        "type": "github"
      }
    },
    "tpm": {
      "flake": false,
      "locked": {
        "lastModified": 1615805450,
        "narHash": "sha256-OkfqfGDkWcTU/lvxkz1YDui4EaM2XlVk6KJ+jG0hyQw=",
        "owner": "tmux-plugins",
        "repo": "tpm",
        "rev": "2afeff1529ec85d0c5ced5ece3714c2220b646a5",
        "type": "github"
      },
      "original": {
        "owner": "tmux-plugins",
        "repo": "tpm",
        "type": "github"
      }
    },
    "utils": {
      "locked": {
        "lastModified": 1622445595,
        "narHash": "sha256-m+JRe6Wc5OZ/mKw2bB3+Tl0ZbtyxxxfnAWln8Q5qs+Y=",
        "owner": "numtide",
        "repo": "flake-utils",
        "rev": "7d706970d94bc5559077eb1a6600afddcd25a7c8",
        "type": "github"
      },
      "original": {
        "owner": "numtide",
        "repo": "flake-utils",
        "type": "github"
      }
    },
    "vim-config": {
      "flake": false,
      "locked": {
        "lastModified": 1630679098,
        "narHash": "sha256-MP3FDaFzyvnsQWxYZZgKQogiy1OHXmiIGE0dSw1r2XY=",
        "owner": "vyorkin",
        "repo": "vimrc",
        "rev": "43a7a2b67cf5d11dfb392e9568b144e931f960b9",
        "type": "github"
      },
      "original": {
        "owner": "vyorkin",
        "repo": "vimrc",
        "type": "github"
      }
    },
    "weechat-notify-send": {
      "flake": false,
      "locked": {
        "lastModified": 1592655950,
        "narHash": "sha256-++mxafyBwg48rD6C2ZVpAG5NAg5gNLjFmOqEiJ7axcc=",
        "owner": "s3rvac",
        "repo": "weechat-notify-send",
        "rev": "cc701bdebdb1bf550e36aa8b13c59b47905db2dc",
        "type": "github"
      },
      "original": {
        "owner": "s3rvac",
        "repo": "weechat-notify-send",
        "type": "github"
      }
    },
    "weechat-scripts": {
      "flake": false,
      "locked": {
        "lastModified": 1623484011,
        "narHash": "sha256-gfUY/eik0FGlWG6NuL1RvLTh5/eQ/mDEvUu3ommiyVY=",
        "owner": "weechat",
        "repo": "scripts",
        "rev": "cb0f27503315ff90a0bf526ab028d671f3ad66f4",
        "type": "github"
      },
      "original": {
        "owner": "weechat",
        "repo": "scripts",
        "type": "github"
      }
    },
    "zsh-config": {
      "flake": false,
      "locked": {
        "lastModified": 1631213896,
        "narHash": "sha256-rdkjUUo57d+mVGS4/X1hRbgYtyngMhWDBUsyQipQPOE=",
        "owner": "vyorkin",
        "repo": "zshrc",
        "rev": "bbee003503a9a7bd9fde5d81a70163bf1c88d063",
        "type": "github"
      },
      "original": {
        "owner": "vyorkin",
        "repo": "zshrc",
        "type": "github"
      }
    }
  },
  "root": "root",
  "version": 7
}
